
Microsoft Visual Studio Solution File, Format Version 12.00
# Visual Studio 15
Project("{FAE04EC0-301F-11D3-BF4B-00C04F79EFBC}") = "Assembly-CSharp", "Assembly-CSharp.csproj", "{A9E85B74-4932-CAA2-1493-6F37D802AC7E}"
EndProject
Project("{FAE04EC0-301F-11D3-BF4B-00C04F79EFBC}") = "Assembly-CSharp-Editor", "Assembly-CSharp-Editor.csproj", "{082FC437-5288-6DB6-AE79-33BAC305AB6C}"
EndProject
Global
	GlobalSection(SolutionConfigurationPlatforms) = preSolution
		Debug|Any CPU = Debug|Any CPU
		Release|Any CPU = Release|Any CPU
	EndGlobalSection
	GlobalSection(ProjectConfigurationPlatforms) = postSolution
		{A9E85B74-4932-CAA2-1493-6F37D802AC7E}.Debug|Any CPU.ActiveCfg = Debug|Any CPU
		{A9E85B74-4932-CAA2-1493-6F37D802AC7E}.Debug|Any CPU.Build.0 = Debug|Any CPU
		{A9E85B74-4932-CAA2-1493-6F37D802AC7E}.Release|Any CPU.ActiveCfg = Release|Any CPU
		{A9E85B74-4932-CAA2-1493-6F37D802AC7E}.Release|Any CPU.Build.0 = Release|Any CPU
		{082FC437-5288-6DB6-AE79-33BAC305AB6C}.Debug|Any CPU.ActiveCfg = Debug|Any CPU
		{082FC437-5288-6DB6-AE79-33BAC305AB6C}.Debug|Any CPU.Build.0 = Debug|Any CPU
		{082FC437-5288-6DB6-AE79-33BAC305AB6C}.Release|Any CPU.ActiveCfg = Release|Any CPU
		{082FC437-5288-6DB6-AE79-33BAC305AB6C}.Release|Any CPU.Build.0 = Release|Any CPU
	EndGlobalSection
	GlobalSection(SolutionProperties) = preSolution
		HideSolutionNode = FALSE
	EndGlobalSection
EndGlobal
